// !$*UTF8*$!
{
	archiveVersion = 1;
	classes = {
	};
	objectVersion = 46;
	objects = {

/* Begin PBXBuildFile section */
		1C83961D19C65F1D00CFD583 /* IMG_0031.JPG in Resources */ = {isa = PBXBuildFile; fileRef = 1C83961C19C65F1D00CFD583 /* IMG_0031.JPG */; };
		1C83961F19C661F200CFD583 /* FullSizeRender 4.jpg in Resources */ = {isa = PBXBuildFile; fileRef = 1C83961E19C661F200CFD583 /* FullSizeRender 4.jpg */; };
		1C83962119C6621F00CFD583 /* FullSizeRender 5.jpg in Resources */ = {isa = PBXBuildFile; fileRef = 1C83962019C6621F00CFD583 /* FullSizeRender 5.jpg */; };
		1C9AE1F919C5DF2E008F41DA /* AppDelegate.swift in Sources */ = {isa = PBXBuildFile; fileRef = 1C9AE1F819C5DF2E008F41DA /* AppDelegate.swift */; };
		1C9AE1FB19C5DF2E008F41DA /* ViewController.swift in Sources */ = {isa = PBXBuildFile; fileRef = 1C9AE1FA19C5DF2E008F41DA /* ViewController.swift */; };
		1C9AE1FE19C5DF2E008F41DA /* Main.storyboard in Resources */ = {isa = PBXBuildFile; fileRef = 1C9AE1FC19C5DF2E008F41DA /* Main.storyboard */; };
		1C9AE20019C5DF2E008F41DA /* Images.xcassets in Resources */ = {isa = PBXBuildFile; fileRef = 1C9AE1FF19C5DF2E008F41DA /* Images.xcassets */; };
		1C9AE20C19C5DF2E008F41DA /* PostcardTests.swift in Sources */ = {isa = PBXBuildFile; fileRef = 1C9AE20B19C5DF2E008F41DA /* PostcardTests.swift */; };
		1C9AE21619C5F3A8008F41DA /* SagradaFamilia.jpeg in Resources */ = {isa = PBXBuildFile; fileRef = 1C9AE21519C5F3A8008F41DA /* SagradaFamilia.jpeg */; };
		1C9AE21819C5F6EF008F41DA /* IMG_0030.JPG in Resources */ = {isa = PBXBuildFile; fileRef = 1C9AE21719C5F6EF008F41DA /* IMG_0030.JPG */; };
/* End PBXBuildFile section */

/* Begin PBXContainerItemProxy section */
		1C9AE20619C5DF2E008F41DA /* PBXContainerItemProxy */ = {
			isa = PBXContainerItemProxy;
			containerPortal = 1C9AE1EB19C5DF2E008F41DA /* Project object */;
			proxyType = 1;
			remoteGlobalIDString = 1C9AE1F219C5DF2E008F41DA;
			remoteInfo = Postcard;
		};
/* End PBXContainerItemProxy section */

/* Begin PBXFileReference section */
		1C83961C19C65F1D00CFD583 /* IMG_0031.JPG */ = {isa = PBXFileReference; lastKnownFileType = image.jpeg; path = IMG_0031.JPG; sourceTree = "<group>"; };
		1C83961E19C661F200CFD583 /* FullSizeRender 4.jpg */ = {isa = PBXFileReference; lastKnownFileType = image.jpeg; path = "FullSizeRender 4.jpg"; sourceTree = "<group>"; };
		1C83962019C6621F00CFD583 /* FullSizeRender 5.jpg */ = {isa = PBXFileReference; lastKnownFileType = image.jpeg; path = "FullSizeRender 5.jpg"; sourceTree = "<group>"; };
		1C9AE1F319C5DF2E008F41DA /* Postcard.app */ = {isa = PBXFileReference; explicitFileType = wrapper.application; includeInIndex = 0; path = Postcard.app; sourceTree = BUILT_PRODUCTS_DIR; };
		1C9AE1F719C5DF2E008F41DA /* Info.plist */ = {isa = PBXFileReference; lastKnownFileType = text.plist.xml; path = Info.plist; sourceTree = "<group>"; };
		1C9AE1F819C5DF2E008F41DA /* AppDelegate.swift */ = {isa = PBXFileReference; lastKnownFileType = sourcecode.swift; path = AppDelegate.swift; sourceTree = "<group>"; };
		1C9AE1FA19C5DF2E008F41DA /* ViewController.swift */ = {isa = PBXFileReference; lastKnownFileType = sourcecode.swift; path = ViewController.swift; sourceTree = "<group>"; };
		1C9AE1FD19C5DF2E008F41DA /* Base */ = {isa = PBXFileReference; lastKnownFileType = file.storyboard; name = Base; path = Base.lproj/Main.storyboard; sourceTree = "<group>"; };
		1C9AE1FF19C5DF2E008F41DA /* Images.xcassets */ = {isa = PBXFileReference; lastKnownFileType = folder.assetcatalog; path = Images.xcassets; sourceTree = "<group>"; };
		1C9AE20519C5DF2E008F41DA /* PostcardTests.xctest */ = {isa = PBXFileReference; explicitFileType = wrapper.cfbundle; includeInIndex = 0; path = PostcardTests.xctest; sourceTree = BUILT_PRODUCTS_DIR; };
		1C9AE20A19C5DF2E008F41DA /* Info.plist */ = {isa = PBXFileReference; lastKnownFileType = text.plist.xml; path = Info.plist; sourceTree = "<group>"; };
		1C9AE20B19C5DF2E008F41DA /* PostcardTests.swift */ = {isa = PBXFileReference; lastKnownFileType = sourcecode.swift; path = PostcardTests.swift; sourceTree = "<group>"; };
		1C9AE21519C5F3A8008F41DA /* SagradaFamilia.jpeg */ = {isa = PBXFileReference; lastKnownFileType = image.jpeg; path = SagradaFamilia.jpeg; sourceTree = "<group>"; };
		1C9AE21719C5F6EF008F41DA /* IMG_0030.JPG */ = {isa = PBXFileReference; lastKnownFileType = image.jpeg; path = IMG_0030.JPG; sourceTree = "<group>"; };
/* End PBXFileReference section */

/* Begin PBXFrameworksBuildPhase section */
		1C9AE1F019C5DF2E008F41DA /* Frameworks */ = {
			isa = PBXFrameworksBuildPhase;
			buildActionMask = 2147483647;
			files = (
			);
			runOnlyForDeploymentPostprocessing = 0;
		};
		1C9AE20219C5DF2E008F41DA /* Frameworks */ = {
			isa = PBXFrameworksBuildPhase;
			buildActionMask = 2147483647;
			files = (
			);
			runOnlyForDeploymentPostprocessing = 0;
		};
/* End PBXFrameworksBuildPhase section */

/* Begin PBXGroup section */
		1C9AE1EA19C5DF2E008F41DA = {
			isa = PBXGroup;
			children = (
				1C9AE1F519C5DF2E008F41DA /* Postcard */,
				1C9AE20819C5DF2E008F41DA /* PostcardTests */,
				1C9AE1F419C5DF2E008F41DA /* Products */,
			);
			sourceTree = "<group>";
		};
		1C9AE1F419C5DF2E008F41DA /* Products */ = {
			isa = PBXGroup;
			children = (
				1C9AE1F319C5DF2E008F41DA /* Postcard.app */,
				1C9AE20519C5DF2E008F41DA /* PostcardTests.xctest */,
			);
			name = Products;
			sourceTree = "<group>";
		};
		1C9AE1F519C5DF2E008F41DA /* Postcard */ = {
			isa = PBXGroup;
			children = (
				1C9AE1F819C5DF2E008F41DA /* AppDelegate.swift */,
				1C9AE1FA19C5DF2E008F41DA /* ViewController.swift */,
				1C9AE1FC19C5DF2E008F41DA /* Main.storyboard */,
				1C9AE1FF19C5DF2E008F41DA /* Images.xcassets */,
				1C9AE1F619C5DF2E008F41DA /* Supporting Files */,
			);
			path = Postcard;
			sourceTree = "<group>";
		};
		1C9AE1F619C5DF2E008F41DA /* Supporting Files */ = {
			isa = PBXGroup;
			children = (
				1C83961E19C661F200CFD583 /* FullSizeRender 4.jpg */,
				1C83961C19C65F1D00CFD583 /* IMG_0031.JPG */,
				1C83962019C6621F00CFD583 /* FullSizeRender 5.jpg */,
				1C9AE21719C5F6EF008F41DA /* IMG_0030.JPG */,
				1C9AE21519C5F3A8008F41DA /* SagradaFamilia.jpeg */,
				1C9AE1F719C5DF2E008F41DA /* Info.plist */,
			);
			name = "Supporting Files";
			sourceTree = "<group>";
		};
		1C9AE20819C5DF2E008F41DA /* PostcardTests */ = {
			isa = PBXGroup;
			children = (
				1C9AE20B19C5DF2E008F41DA /* PostcardTests.swift */,
				1C9AE20919C5DF2E008F41DA /* Supporting Files */,
			);
			path = PostcardTests;
			sourceTree = "<group>";
		};
		1C9AE20919C5DF2E008F41DA /* Supporting Files */ = {
			isa = PBXGroup;
			children = (
				1C9AE20A19C5DF2E008F41DA /* Info.plist */,
			);
			name = "Supporting Files";
			sourceTree = "<group>";
		};
/* End PBXGroup section */

/* Begin PBXNativeTarget section */
		1C9AE1F219C5DF2E008F41DA /* Postcard */ = {
			isa = PBXNativeTarget;
			buildConfigurationList = 1C9AE20F19C5DF2E008F41DA /* Build configuration list for PBXNativeTarget "Postcard" */;
			buildPhases = (
				1C9AE1EF19C5DF2E008F41DA /* Sources */,
				1C9AE1F019C5DF2E008F41DA /* Frameworks */,
				1C9AE1F119C5DF2E008F41DA /* Resources */,
			);
			buildRules = (
			);
			dependencies = (
			);
			name = Postcard;
			productName = Postcard;
			productReference = 1C9AE1F319C5DF2E008F41DA /* Postcard.app */;
			productType = "com.apple.product-type.application";
		};
		1C9AE20419C5DF2E008F41DA /* PostcardTests */ = {
			isa = PBXNativeTarget;
			buildConfigurationList = 1C9AE21219C5DF2E008F41DA /* Build configuration list for PBXNativeTarget "PostcardTests" */;
			buildPhases = (
				1C9AE20119C5DF2E008F41DA /* Sources */,
				1C9AE20219C5DF2E008F41DA /* Frameworks */,
				1C9AE20319C5DF2E008F41DA /* Resources */,
			);
			buildRules = (
			);
			dependencies = (
				1C9AE20719C5DF2E008F41DA /* PBXTargetDependency */,
			);
			name = PostcardTests;
			productName = PostcardTests;
			productReference = 1C9AE20519C5DF2E008F41DA /* PostcardTests.xctest */;
			productType = "com.apple.product-type.bundle.unit-test";
		};
/* End PBXNativeTarget section */

/* Begin PBXProject section */
		1C9AE1EB19C5DF2E008F41DA /* Project object */ = {
			isa = PBXProject;
			attributes = {
				LastUpgradeCheck = 0600;
				ORGANIZATIONNAME = "Brad Hellyar";
				TargetAttributes = {
					1C9AE1F219C5DF2E008F41DA = {
						CreatedOnToolsVersion = 6.0;
					};
					1C9AE20419C5DF2E008F41DA = {
						CreatedOnToolsVersion = 6.0;
						TestTargetID = 1C9AE1F219C5DF2E008F41DA;
					};
				};
			};
			buildConfigurationList = 1C9AE1EE19C5DF2E008F41DA /* Build configuration list for PBXProject "Postcard" */;
			compatibilityVersion = "Xcode 3.2";
			developmentRegion = English;
			hasScannedForEncodings = 0;
			knownRegions = (
				en,
				Base,
			);
			mainGroup = 1C9AE1EA19C5DF2E008F41DA;
			productRefGroup = 1C9AE1F419C5DF2E008F41DA /* Products */;
			projectDirPath = "";
			projectRoot = "";
			targets = (
				1C9AE1F219C5DF2E008F41DA /* Postcard */,
				1C9AE20419C5DF2E008F41DA /* PostcardTests */,
			);
		};
/* End PBXProject section */

/* Begin PBXResourcesBuildPhase section */
		1C9AE1F119C5DF2E008F41DA /* Resources */ = {
			isa = PBXResourcesBuildPhase;
			buildActionMask = 2147483647;
			files = (
				1C9AE1FE19C5DF2E008F41DA /* Main.storyboard in Resources */,
				1C83961F19C661F200CFD583 /* FullSizeRender 4.jpg in Resources */,
				1C9AE20019C5DF2E008F41DA /* Images.xcassets in Resources */,
				1C9AE21819C5F6EF008F41DA /* IMG_0030.JPG in Resources */,
				1C83962119C6621F00CFD583 /* FullSizeRender 5.jpg in Resources */,
				1C83961D19C65F1D00CFD583 /* IMG_0031.JPG in Resources */,
				1C9AE21619C5F3A8008F41DA /* SagradaFamilia.jpeg in Resources */,
			);
			runOnlyForDeploymentPostprocessing = 0;
		};
		1C9AE20319C5DF2E008F41DA /* Resources */ = {
			isa = PBXResourcesBuildPhase;
			buildActionMask = 2147483647;
			files = (
			);
			runOnlyForDeploymentPostprocessing = 0;
		};
/* End PBXResourcesBuildPhase section */

/* Begin PBXSourcesBuildPhase section */
		1C9AE1EF19C5DF2E008F41DA /* Sources */ = {
			isa = PBXSourcesBuildPhase;
			buildActionMask = 2147483647;
			files = (
				1C9AE1FB19C5DF2E008F41DA /* ViewController.swift in Sources */,
				1C9AE1F919C5DF2E008F41DA /* AppDelegate.swift in Sources */,
			);
			runOnlyForDeploymentPostprocessing = 0;
		};
		1C9AE20119C5DF2E008F41DA /* Sources */ = {
			isa = PBXSourcesBuildPhase;
			buildActionMask = 2147483647;
			files = (
				1C9AE20C19C5DF2E008F41DA /* PostcardTests.swift in Sources */,
			);
			runOnlyForDeploymentPostprocessing = 0;
		};
/* End PBXSourcesBuildPhase section */

/* Begin PBXTargetDependency section */
		1C9AE20719C5DF2E008F41DA /* PBXTargetDependency */ = {
			isa = PBXTargetDependency;
			target = 1C9AE1F219C5DF2E008F41DA /* Postcard */;
			targetProxy = 1C9AE20619C5DF2E008F41DA /* PBXContainerItemProxy */;
		};
/* End PBXTargetDependency section */

/* Begin PBXVariantGroup section */
		1C9AE1FC19C5DF2E008F41DA /* Main.storyboard */ = {
			isa = PBXVariantGroup;
			children = (
				1C9AE1FD19C5DF2E008F41DA /* Base */,
			);
			name = Main.storyboard;
			sourceTree = "<group>";
		};
/* End PBXVariantGroup section */

/* Begin XCBuildConfiguration section */
		1C9AE20D19C5DF2E008F41DA /* Debug */ = {
			isa = XCBuildConfiguration;
			buildSettings = {
				ALWAYS_SEARCH_USER_PATHS = NO;
				CLANG_CXX_LANGUAGE_STANDARD = "gnu++0x";
				CLANG_CXX_LIBRARY = "libc++";
				CLANG_ENABLE_MODULES = YES;
				CLANG_ENABLE_OBJC_ARC = YES;
				CLANG_WARN_BOOL_CONVERSION = YES;
				CLANG_WARN_CONSTANT_CONVERSION = YES;
				CLANG_WARN_DIRECT_OBJC_ISA_USAGE = YES_ERROR;
				CLANG_WARN_EMPTY_BODY = YES;
				CLANG_WARN_ENUM_CONVERSION = YES;
				CLANG_WARN_INT_CONVERSION = YES;
				CLANG_WARN_OBJC_ROOT_CLASS = YES_ERROR;
				CLANG_WARN_UNREACHABLE_CODE = YES;
				CLANG_WARN__DUPLICATE_METHOD_MATCH = YES;
				"CODE_SIGN_IDENTITY[sdk=iphoneos*]" = "iPhone Developer";
				COPY_PHASE_STRIP = NO;
				ENABLE_STRICT_OBJC_MSGSEND = YES;
				GCC_C_LANGUAGE_STANDARD = gnu99;
				GCC_DYNAMIC_NO_PIC = NO;
				GCC_OPTIMIZATION_LEVEL = 0;
				GCC_PREPROCESSOR_DEFINITIONS = (
					"DEBUG=1",
					"$(inherited)",
				);
				GCC_SYMBOLS_PRIVATE_EXTERN = NO;
				GCC_WARN_64_TO_32_BIT_CONVERSION = YES;
				GCC_WARN_ABOUT_RETURN_TYPE = YES_ERROR;
				GCC_WARN_UNDECLARED_SELECTOR = YES;
				GCC_WARN_UNINITIALIZED_AUTOS = YES_AGGRESSIVE;
				GCC_WARN_UNUSED_FUNCTION = YES;
				GCC_WARN_UNUSED_VARIABLE = YES;
				IPHONEOS_DEPLOYMENT_TARGET = 8.0;
				MTL_ENABLE_DEBUG_INFO = YES;
				ONLY_ACTIVE_ARCH = YES;
				SDKROOT = iphoneos;
				SWIFT_OPTIMIZATION_LEVEL = "-Onone";
			};
			name = Debug;
		};
		1C9AE20E19C5DF2E008F41DA /* Release */ = {
			isa = XCBuildConfiguration;
			buildSettings = {
				ALWAYS_SEARCH_USER_PATHS = NO;
				CLANG_CXX_LANGUAGE_STANDARD = "gnu++0x";
				CLANG_CXX_LIBRARY = "libc++";
				CLANG_ENABLE_MODULES = YES;
				CLANG_ENABLE_OBJC_ARC = YES;
				CLANG_WARN_BOOL_CONVERSION = YES;
				CLANG_WARN_CONSTANT_CONVERSION = YES;
				CLANG_WARN_DIRECT_OBJC_ISA_USAGE = YES_ERROR;
				CLANG_WARN_EMPTY_BODY = YES;
				CLANG_WARN_ENUM_CONVERSION = YES;
				CLANG_WARN_INT_CONVERSION = YES;
				CLANG_WARN_OBJC_ROOT_CLASS = YES_ERROR;
				CLANG_WARN_UNREACHABLE_CODE = YES;
				CLANG_WARN__DUPLICATE_METHOD_MATCH = YES;
				"CODE_SIGN_IDENTITY[sdk=iphoneos*]" = "iPhone Developer";
				COPY_PHASE_STRIP = YES;
				ENABLE_NS_ASSERTIONS = NO;
				ENABLE_STRICT_OBJC_MSGSEND = YES;
				GCC_C_LANGUAGE_STANDARD = gnu99;
				GCC_WARN_64_TO_32_BIT_CONVERSION = YES;
				GCC_WARN_ABOUT_RETURN_TYPE = YES_ERROR;
				GCC_WARN_UNDECLARED_SELECTOR = YES;
				GCC_WARN_UNINITIALIZED_AUTOS = YES_AGGRESSIVE;
				GCC_WARN_UNUSED_FUNCTION = YES;
				GCC_WARN_UNUSED_VARIABLE = YES;
				IPHONEOS_DEPLOYMENT_TARGET = 8.0;
				MTL_ENABLE_DEBUG_INFO = NO;
				SDKROOT = iphoneos;
				VALIDATE_PRODUCT = YES;
			};
			name = Release;
		};
		1C9AE21019C5DF2E008F41DA /* Debug */ = {
			isa = XCBuildConfiguration;
			buildSettings = {
				ASSETCATALOG_COMPILER_APPICON_NAME = AppIcon;
				ASSETCATALOG_COMPILER_LAUNCHIMAGE_NAME = LaunchImage;
				INFOPLIST_FILE = Postcard/Info.plist;
				LD_RUNPATH_SEARCH_PATHS = "$(inherited) @executable_path/Frameworks";
				PRODUCT_NAME = "$(TARGET_NAME)";
			};
			name = Debug;
		};
		1C9AE21119C5DF2E008F41DA /* Release */ = {
			isa = XCBuildConfiguration;
			buildSettings = {
				ASSETCATALOG_COMPILER_APPICON_NAME = AppIcon;
				ASSETCATALOG_COMPILER_LAUNCHIMAGE_NAME = LaunchImage;
				INFOPLIST_FILE = Postcard/Info.plist;
				LD_RUNPATH_SEARCH_PATHS = "$(inherited) @executable_path/Frameworks";
				PRODUCT_NAME = "$(TARGET_NAME)";
			};
			name = Release;
		};
		1C9AE21319C5DF2E008F41DA /* Debug */ = {
			isa = XCBuildConfiguration;
			buildSettings = {
				BUNDLE_LOADER = "$(TEST_HOST)";
				FRAMEWORK_SEARCH_PATHS = (
					"$(SDKROOT)/Developer/Library/Frameworks",
					"$(inherited)",
				);
				GCC_PREPROCESSOR_DEFINITIONS = (
					"DEBUG=1",
					"$(inherited)",
				);
				INFOPLIST_FILE = PostcardTests/Info.plist;
				LD_RUNPATH_SEARCH_PATHS = "$(inherited) @executable_path/Frameworks @loader_path/Frameworks";
				PRODUCT_NAME = "$(TARGET_NAME)";
				TEST_HOST = "$(BUILT_PRODUCTS_DIR)/Postcard.app/Postcard";
			};
			name = Debug;
		};
		1C9AE21419C5DF2E008F41DA /* Release */ = {
			isa = XCBuildConfiguration;
			buildSettings = {
				BUNDLE_LOADER = "$(TEST_HOST)";
				FRAMEWORK_SEARCH_PATHS = (
					"$(SDKROOT)/Developer/Library/Frameworks",
					"$(inherited)",
				);
				INFOPLIST_FILE = PostcardTests/Info.plist;
				LD_RUNPATH_SEARCH_PATHS = "$(inherited) @executable_path/Frameworks @loader_path/Frameworks";
				PRODUCT_NAME = "$(TARGET_NAME)";
				TEST_HOST = "$(BUILT_PRODUCTS_DIR)/Postcard.app/Postcard";
			};
			name = Release;
		};
/* End XCBuildConfiguration section */

/* Begin XCConfigurationList section */
		1C9AE1EE19C5DF2E008F41DA /* Build configuration list for PBXProject "Postcard" */ = {
			isa = XCConfigurationList;
			buildConfigurations = (
				1C9AE20D19C5DF2E008F41DA /* Debug */,
				1C9AE20E19C5DF2E008F41DA /* Release */,
			);
			defaultConfigurationIsVisible = 0;
			defaultConfigurationName = Release;
		};
		1C9AE20F19C5DF2E008F41DA /* Build configuration list for PBXNativeTarget "Postcard" */ = {
			isa = XCConfigurationList;
			buildConfigurations = (
				1C9AE21019C5DF2E008F41DA /* Debug */,
				1C9AE21119C5DF2E008F41DA /* Release */,
			);
			defaultConfigurationIsVisible = 0;
			defaultConfigurationName = Release;
		};
		1C9AE21219C5DF2E008F41DA /* Build configuration list for PBXNativeTarget "PostcardTests" */ = {
			isa = XCConfigurationList;
			buildConfigurations = (
				1C9AE21319C5DF2E008F41DA /* Debug */,
				1C9AE21419C5DF2E008F41DA /* Release */,
			);
			defaultConfigurationIsVisible = 0;
			defaultConfigurationName = Release;
		};
/* End XCConfigurationList section */
	};
	rootObject = 1C9AE1EB19C5DF2E008F41DA /* Project object */;
}
